
Microsoft Visual Studio Solution File, Format Version 12.00
# Visual Studio Version 16
VisualStudioVersion = 16.0.29324.140
MinimumVisualStudioVersion = 10.0.40219.1
Project("{FAE04EC0-301F-11D3-BF4B-00C04F79EFBC}") = "Calculadora.Android", "Calculadora.Android\Calculadora.Android.csproj", "{38EB2E11-7ED4-4078-88FC-F39EE5588A82}"
EndProject
Project("{FAE04EC0-301F-11D3-BF4B-00C04F79EFBC}") = "Calculadora.iOS", "Calculadora.iOS\Calculadora.iOS.csproj", "{90D6429A-533F-49F8-B21D-9D1D86F1BF99}"
EndProject
Project("{FAE04EC0-301F-11D3-BF4B-00C04F79EFBC}") = "Calculadora", "Calculadora\Calculadora.csproj", "{334692E4-78A5-4C0D-A40D-B660E2270E59}"
EndProject
Global
	GlobalSection(SolutionConfigurationPlatforms) = preSolution
		Debug|Any CPU = Debug|Any CPU
		Debug|iPhone = Debug|iPhone
		Debug|iPhoneSimulator = Debug|iPhoneSimulator
		Release|Any CPU = Release|Any CPU
		Release|iPhone = Release|iPhone
		Release|iPhoneSimulator = Release|iPhoneSimulator
	EndGlobalSection
	GlobalSection(ProjectConfigurationPlatforms) = postSolution
		{38EB2E11-7ED4-4078-88FC-F39EE5588A82}.Debug|Any CPU.ActiveCfg = Debug|Any CPU
		{38EB2E11-7ED4-4078-88FC-F39EE5588A82}.Debug|Any CPU.Build.0 = Debug|Any CPU
		{38EB2E11-7ED4-4078-88FC-F39EE5588A82}.Debug|Any CPU.Deploy.0 = Debug|Any CPU
		{38EB2E11-7ED4-4078-88FC-F39EE5588A82}.Debug|iPhone.ActiveCfg = Debug|Any CPU
		{38EB2E11-7ED4-4078-88FC-F39EE5588A82}.Debug|iPhone.Build.0 = Debug|Any CPU
		{38EB2E11-7ED4-4078-88FC-F39EE5588A82}.Debug|iPhone.Deploy.0 = Debug|Any CPU
		{38EB2E11-7ED4-4078-88FC-F39EE5588A82}.Debug|iPhoneSimulator.ActiveCfg = Debug|Any CPU
		{38EB2E11-7ED4-4078-88FC-F39EE5588A82}.Debug|iPhoneSimulator.Build.0 = Debug|Any CPU
		{38EB2E11-7ED4-4078-88FC-F39EE5588A82}.Debug|iPhoneSimulator.Deploy.0 = Debug|Any CPU
		{38EB2E11-7ED4-4078-88FC-F39EE5588A82}.Release|Any CPU.ActiveCfg = Release|Any CPU
		{38EB2E11-7ED4-4078-88FC-F39EE5588A82}.Release|Any CPU.Build.0 = Release|Any CPU
		{38EB2E11-7ED4-4078-88FC-F39EE5588A82}.Release|Any CPU.Deploy.0 = Release|Any CPU
		{38EB2E11-7ED4-4078-88FC-F39EE5588A82}.Release|iPhone.ActiveCfg = Release|Any CPU
		{38EB2E11-7ED4-4078-88FC-F39EE5588A82}.Release|iPhone.Build.0 = Release|Any CPU
		{38EB2E11-7ED4-4078-88FC-F39EE5588A82}.Release|iPhone.Deploy.0 = Release|Any CPU
		{38EB2E11-7ED4-4078-88FC-F39EE5588A82}.Release|iPhoneSimulator.ActiveCfg = Release|Any CPU
		{38EB2E11-7ED4-4078-88FC-F39EE5588A82}.Release|iPhoneSimulator.Build.0 = Release|Any CPU
		{38EB2E11-7ED4-4078-88FC-F39EE5588A82}.Release|iPhoneSimulator.Deploy.0 = Release|Any CPU
		{90D6429A-533F-49F8-B21D-9D1D86F1BF99}.Debug|Any CPU.ActiveCfg = Debug|iPhoneSimulator
		{90D6429A-533F-49F8-B21D-9D1D86F1BF99}.Debug|Any CPU.Build.0 = Debug|iPhoneSimulator
		{90D6429A-533F-49F8-B21D-9D1D86F1BF99}.Debug|Any CPU.Deploy.0 = Debug|iPhoneSimulator
		{90D6429A-533F-49F8-B21D-9D1D86F1BF99}.Debug|iPhone.ActiveCfg = Debug|iPhone
		{90D6429A-533F-49F8-B21D-9D1D86F1BF99}.Debug|iPhone.Build.0 = Debug|iPhone
		{90D6429A-533F-49F8-B21D-9D1D86F1BF99}.Debug|iPhone.Deploy.0 = Debug|iPhone
		{90D6429A-533F-49F8-B21D-9D1D86F1BF99}.Debug|iPhoneSimulator.ActiveCfg = Debug|iPhoneSimulator
		{90D6429A-533F-49F8-B21D-9D1D86F1BF99}.Debug|iPhoneSimulator.Build.0 = Debug|iPhoneSimulator
		{90D6429A-533F-49F8-B21D-9D1D86F1BF99}.Debug|iPhoneSimulator.Deploy.0 = Debug|iPhoneSimulator
		{90D6429A-533F-49F8-B21D-9D1D86F1BF99}.Release|Any CPU.ActiveCfg = Release|iPhone
		{90D6429A-533F-49F8-B21D-9D1D86F1BF99}.Release|Any CPU.Build.0 = Release|iPhone
		{90D6429A-533F-49F8-B21D-9D1D86F1BF99}.Release|Any CPU.Deploy.0 = Release|iPhone
		{90D6429A-533F-49F8-B21D-9D1D86F1BF99}.Release|iPhone.ActiveCfg = Release|iPhone
		{90D6429A-533F-49F8-B21D-9D1D86F1BF99}.Release|iPhone.Build.0 = Release|iPhone
		{90D6429A-533F-49F8-B21D-9D1D86F1BF99}.Release|iPhone.Deploy.0 = Release|iPhone
		{90D6429A-533F-49F8-B21D-9D1D86F1BF99}.Release|iPhoneSimulator.ActiveCfg = Release|iPhoneSimulator
		{90D6429A-533F-49F8-B21D-9D1D86F1BF99}.Release|iPhoneSimulator.Build.0 = Release|iPhoneSimulator
		{90D6429A-533F-49F8-B21D-9D1D86F1BF99}.Release|iPhoneSimulator.Deploy.0 = Release|iPhoneSimulator
		{334692E4-78A5-4C0D-A40D-B660E2270E59}.Debug|Any CPU.ActiveCfg = Debug|Any CPU
		{334692E4-78A5-4C0D-A40D-B660E2270E59}.Debug|Any CPU.Build.0 = Debug|Any CPU
		{334692E4-78A5-4C0D-A40D-B660E2270E59}.Debug|Any CPU.Deploy.0 = Debug|Any CPU
		{334692E4-78A5-4C0D-A40D-B660E2270E59}.Debug|iPhone.ActiveCfg = Debug|Any CPU
		{334692E4-78A5-4C0D-A40D-B660E2270E59}.Debug|iPhone.Build.0 = Debug|Any CPU
		{334692E4-78A5-4C0D-A40D-B660E2270E59}.Debug|iPhone.Deploy.0 = Debug|Any CPU
		{334692E4-78A5-4C0D-A40D-B660E2270E59}.Debug|iPhoneSimulator.ActiveCfg = Debug|Any CPU
		{334692E4-78A5-4C0D-A40D-B660E2270E59}.Debug|iPhoneSimulator.Build.0 = Debug|Any CPU
		{334692E4-78A5-4C0D-A40D-B660E2270E59}.Debug|iPhoneSimulator.Deploy.0 = Debug|Any CPU
		{334692E4-78A5-4C0D-A40D-B660E2270E59}.Release|Any CPU.ActiveCfg = Release|Any CPU
		{334692E4-78A5-4C0D-A40D-B660E2270E59}.Release|Any CPU.Build.0 = Release|Any CPU
		{334692E4-78A5-4C0D-A40D-B660E2270E59}.Release|Any CPU.Deploy.0 = Release|Any CPU
		{334692E4-78A5-4C0D-A40D-B660E2270E59}.Release|iPhone.ActiveCfg = Release|Any CPU
		{334692E4-78A5-4C0D-A40D-B660E2270E59}.Release|iPhone.Build.0 = Release|Any CPU
		{334692E4-78A5-4C0D-A40D-B660E2270E59}.Release|iPhone.Deploy.0 = Release|Any CPU
		{334692E4-78A5-4C0D-A40D-B660E2270E59}.Release|iPhoneSimulator.ActiveCfg = Release|Any CPU
		{334692E4-78A5-4C0D-A40D-B660E2270E59}.Release|iPhoneSimulator.Build.0 = Release|Any CPU
		{334692E4-78A5-4C0D-A40D-B660E2270E59}.Release|iPhoneSimulator.Deploy.0 = Release|Any CPU
	EndGlobalSection
	GlobalSection(SolutionProperties) = preSolution
		HideSolutionNode = FALSE
	EndGlobalSection
	GlobalSection(ExtensibilityGlobals) = postSolution
		SolutionGuid = {3F63743F-12ED-4BAF-8B4A-E5FB914C32C5}
	EndGlobalSection
EndGlobal
